
Microsoft Visual Studio Solution File, Format Version 12.00
# Visual Studio 15
VisualStudioVersion = 15.0.28307.572
MinimumVisualStudioVersion = 10.0.40219.1
Project("{E24C65DC-7377-472B-9ABA-BC803B73C61A}") = "LoginTelepresenciaF", "LoginTelepresenciaF\", "{EF1BD4FC-2B53-4EE0-94ED-2A038DDF6BE0}"
	ProjectSection(WebsiteProperties) = preProject
		TargetFrameworkMoniker = ".NETFramework,Version%3Dv4.6.1"
		Debug.AspNetCompiler.VirtualPath = "/localhost_50916"
		Debug.AspNetCompiler.PhysicalPath = "LoginTelepresenciaF\"
		Debug.AspNetCompiler.TargetPath = "PrecompiledWeb\localhost_50916\"
		Debug.AspNetCompiler.Updateable = "true"
		Debug.AspNetCompiler.ForceOverwrite = "true"
		Debug.AspNetCompiler.FixedNames = "false"
		Debug.AspNetCompiler.Debug = "True"
		Release.AspNetCompiler.VirtualPath = "/localhost_50916"
		Release.AspNetCompiler.PhysicalPath = "LoginTelepresenciaF\"
		Release.AspNetCompiler.TargetPath = "PrecompiledWeb\localhost_50916\"
		Release.AspNetCompiler.Updateable = "true"
		Release.AspNetCompiler.ForceOverwrite = "true"
		Release.AspNetCompiler.FixedNames = "false"
		Release.AspNetCompiler.Debug = "False"
		VWDPort = "50916"
		SlnRelativePath = "LoginTelepresenciaF\"
		DefaultWebSiteLanguage = "Visual C#"
	EndProjectSection
EndProject
Global
	GlobalSection(SolutionConfigurationPlatforms) = preSolution
		Debug|Any CPU = Debug|Any CPU
	EndGlobalSection
	GlobalSection(ProjectConfigurationPlatforms) = postSolution
		{EF1BD4FC-2B53-4EE0-94ED-2A038DDF6BE0}.Debug|Any CPU.ActiveCfg = Debug|Any CPU
		{EF1BD4FC-2B53-4EE0-94ED-2A038DDF6BE0}.Debug|Any CPU.Build.0 = Debug|Any CPU
	EndGlobalSection
	GlobalSection(SolutionProperties) = preSolution
		HideSolutionNode = FALSE
	EndGlobalSection
	GlobalSection(ExtensibilityGlobals) = postSolution
		SolutionGuid = {3A0ACB0D-8F54-4027-BB6E-8804941B156B}
	EndGlobalSection
EndGlobal
